// !$*UTF8*$!
{
	archiveVersion = 1;
	classes = {
	};
	objectVersion = 50;
	objects = {

/* Begin PBXBuildFile section */
		33A04072218F2D92001E4054 /* AppDelegate.swift in Sources */ = {isa = PBXBuildFile; fileRef = 33A04071218F2D92001E4054 /* AppDelegate.swift */; };
		33A04074218F2D92001E4054 /* ViewController.swift in Sources */ = {isa = PBXBuildFile; fileRef = 33A04073218F2D92001E4054 /* ViewController.swift */; };
		33A04077218F2D92001E4054 /* Main.storyboard in Resources */ = {isa = PBXBuildFile; fileRef = 33A04075218F2D92001E4054 /* Main.storyboard */; };
		33A04079218F2D94001E4054 /* Assets.xcassets in Resources */ = {isa = PBXBuildFile; fileRef = 33A04078218F2D94001E4054 /* Assets.xcassets */; };
		33A0407C218F2D94001E4054 /* LaunchScreen.storyboard in Resources */ = {isa = PBXBuildFile; fileRef = 33A0407A218F2D94001E4054 /* LaunchScreen.storyboard */; };
		33A04087218F34EE001E4054 /* TMMiddleware.swift in Sources */ = {isa = PBXBuildFile; fileRef = 33A04084218F34ED001E4054 /* TMMiddleware.swift */; };
		33A04088218F34EE001E4054 /* Middleware.swift in Sources */ = {isa = PBXBuildFile; fileRef = 33A04085218F34ED001E4054 /* Middleware.swift */; };
		33A04089218F34EE001E4054 /* Wrapper.swift in Sources */ = {isa = PBXBuildFile; fileRef = 33A04086218F34ED001E4054 /* Wrapper.swift */; };
		33A0408D218F35CA001E4054 /* SDWebImage.framework in Frameworks */ = {isa = PBXBuildFile; fileRef = 33A0408B218F35CA001E4054 /* SDWebImage.framework */; };
		33A0408E218F35CA001E4054 /* Alamofire.framework in Frameworks */ = {isa = PBXBuildFile; fileRef = 33A0408C218F35CA001E4054 /* Alamofire.framework */; };
		33A04091218F38D4001E4054 /* AlamofireObjectMapper.framework in Frameworks */ = {isa = PBXBuildFile; fileRef = 33A0408F218F38D4001E4054 /* AlamofireObjectMapper.framework */; };
		33A04092218F38D4001E4054 /* ObjectMapper.framework in Frameworks */ = {isa = PBXBuildFile; fileRef = 33A04090218F38D4001E4054 /* ObjectMapper.framework */; };
		33A04096218F3A77001E4054 /* ContainerView.swift in Sources */ = {isa = PBXBuildFile; fileRef = 33A04095218F3A77001E4054 /* ContainerView.swift */; };
		33A04098218F3AA7001E4054 /* PlaceholderView.swift in Sources */ = {isa = PBXBuildFile; fileRef = 33A04097218F3AA7001E4054 /* PlaceholderView.swift */; };
		33A0409B218F3B17001E4054 /* UIViewUtilities.swift in Sources */ = {isa = PBXBuildFile; fileRef = 33A0409A218F3B17001E4054 /* UIViewUtilities.swift */; };
		33A0409F218F40A8001E4054 /* Loader.swift in Sources */ = {isa = PBXBuildFile; fileRef = 33A0409E218F40A8001E4054 /* Loader.swift */; };
		33A040A1218F40CA001E4054 /* ErrorView.swift in Sources */ = {isa = PBXBuildFile; fileRef = 33A040A0218F40CA001E4054 /* ErrorView.swift */; };
		33A040A3218F491B001E4054 /* NetworkErrorView.xib in Resources */ = {isa = PBXBuildFile; fileRef = 33A040A2218F491B001E4054 /* NetworkErrorView.xib */; };
		33A040A5218F4924001E4054 /* NetworkErrorView.swift in Sources */ = {isa = PBXBuildFile; fileRef = 33A040A4218F4924001E4054 /* NetworkErrorView.swift */; };
		33A040A8218F4B24001E4054 /* Posts.storyboard in Resources */ = {isa = PBXBuildFile; fileRef = 33A040A7218F4B24001E4054 /* Posts.storyboard */; };
		33A040AB218F4C15001E4054 /* NavigationBar.swift in Sources */ = {isa = PBXBuildFile; fileRef = 33A040AA218F4C15001E4054 /* NavigationBar.swift */; };
		33A040AD218F4C46001E4054 /* BaseViewController.swift in Sources */ = {isa = PBXBuildFile; fileRef = 33A040AC218F4C46001E4054 /* BaseViewController.swift */; };
		33A040AF218F4DEF001E4054 /* PostDescriptionView.xib in Resources */ = {isa = PBXBuildFile; fileRef = 33A040AE218F4DEF001E4054 /* PostDescriptionView.xib */; };
		33A040B1218F4E12001E4054 /* PostDescriptionView.swift in Sources */ = {isa = PBXBuildFile; fileRef = 33A040B0218F4E12001E4054 /* PostDescriptionView.swift */; };
		33A040B5218F4EF1001E4054 /* UserPostEntity.swift in Sources */ = {isa = PBXBuildFile; fileRef = 33A040B4218F4EF1001E4054 /* UserPostEntity.swift */; };
		33A040B7218F4F00001E4054 /* CommentEntity.swift in Sources */ = {isa = PBXBuildFile; fileRef = 33A040B6218F4EFF001E4054 /* CommentEntity.swift */; };
		33A040BB218F516A001E4054 /* TMNavigationBar.swift in Sources */ = {isa = PBXBuildFile; fileRef = 33A040BA218F516A001E4054 /* TMNavigationBar.swift */; };
		33A040BD218F5B0E001E4054 /* PostsVC.swift in Sources */ = {isa = PBXBuildFile; fileRef = 33A040BC218F5B0E001E4054 /* PostsVC.swift */; };
		33A040BF218F5B39001E4054 /* PostCommentsVC.swift in Sources */ = {isa = PBXBuildFile; fileRef = 33A040BE218F5B39001E4054 /* PostCommentsVC.swift */; };
		33A040C1218F5B79001E4054 /* ViewControllerFactory.swift in Sources */ = {isa = PBXBuildFile; fileRef = 33A040C0218F5B79001E4054 /* ViewControllerFactory.swift */; };
		33A040C4218F617F001E4054 /* PostViewModel.swift in Sources */ = {isa = PBXBuildFile; fileRef = 33A040C3218F617F001E4054 /* PostViewModel.swift */; };
		33A040C6218F6277001E4054 /* Constants.swift in Sources */ = {isa = PBXBuildFile; fileRef = 33A040C5218F6277001E4054 /* Constants.swift */; };
		33A040C8218F6B4E001E4054 /* PostCell.swift in Sources */ = {isa = PBXBuildFile; fileRef = 33A040C7218F6B4E001E4054 /* PostCell.swift */; };
		33A040C9218F779A001E4054 /* TMNavigationBar.xib in Resources */ = {isa = PBXBuildFile; fileRef = 33A040B8218F5120001E4054 /* TMNavigationBar.xib */; };
		33A040CB218F8F56001E4054 /* CommentCell.swift in Sources */ = {isa = PBXBuildFile; fileRef = 33A040CA218F8F56001E4054 /* CommentCell.swift */; };
		33A040CD218F9227001E4054 /* ContentLoader.xib in Resources */ = {isa = PBXBuildFile; fileRef = 33A040CC218F9227001E4054 /* ContentLoader.xib */; };
		33A040CF218F923C001E4054 /* ContentLoader.swift in Sources */ = {isa = PBXBuildFile; fileRef = 33A040CE218F923C001E4054 /* ContentLoader.swift */; };
		33A040D1218F9788001E4054 /* PaginationLoaderView.swift in Sources */ = {isa = PBXBuildFile; fileRef = 33A040D0218F9788001E4054 /* PaginationLoaderView.swift */; };
/* End PBXBuildFile section */

/* Begin PBXFileReference section */
		33A0406E218F2D92001E4054 /* Assignment.app */ = {isa = PBXFileReference; explicitFileType = wrapper.application; includeInIndex = 0; path = Assignment.app; sourceTree = BUILT_PRODUCTS_DIR; };
		33A04071218F2D92001E4054 /* AppDelegate.swift */ = {isa = PBXFileReference; lastKnownFileType = sourcecode.swift; path = AppDelegate.swift; sourceTree = "<group>"; };
		33A04073218F2D92001E4054 /* ViewController.swift */ = {isa = PBXFileReference; lastKnownFileType = sourcecode.swift; path = ViewController.swift; sourceTree = "<group>"; };
		33A04076218F2D92001E4054 /* Base */ = {isa = PBXFileReference; lastKnownFileType = file.storyboard; name = Base; path = Base.lproj/Main.storyboard; sourceTree = "<group>"; };
		33A04078218F2D94001E4054 /* Assets.xcassets */ = {isa = PBXFileReference; lastKnownFileType = folder.assetcatalog; path = Assets.xcassets; sourceTree = "<group>"; };
		33A0407B218F2D94001E4054 /* Base */ = {isa = PBXFileReference; lastKnownFileType = file.storyboard; name = Base; path = Base.lproj/LaunchScreen.storyboard; sourceTree = "<group>"; };
		33A0407D218F2D94001E4054 /* Info.plist */ = {isa = PBXFileReference; lastKnownFileType = text.plist.xml; path = Info.plist; sourceTree = "<group>"; };
		33A04084218F34ED001E4054 /* TMMiddleware.swift */ = {isa = PBXFileReference; fileEncoding = 4; lastKnownFileType = sourcecode.swift; path = TMMiddleware.swift; sourceTree = "<group>"; };
		33A04085218F34ED001E4054 /* Middleware.swift */ = {isa = PBXFileReference; fileEncoding = 4; lastKnownFileType = sourcecode.swift; path = Middleware.swift; sourceTree = "<group>"; };
		33A04086218F34ED001E4054 /* Wrapper.swift */ = {isa = PBXFileReference; fileEncoding = 4; lastKnownFileType = sourcecode.swift; path = Wrapper.swift; sourceTree = "<group>"; };
		33A0408B218F35CA001E4054 /* SDWebImage.framework */ = {isa = PBXFileReference; lastKnownFileType = wrapper.framework; name = SDWebImage.framework; path = Carthage/Build/iOS/SDWebImage.framework; sourceTree = SOURCE_ROOT; };
		33A0408C218F35CA001E4054 /* Alamofire.framework */ = {isa = PBXFileReference; lastKnownFileType = wrapper.framework; name = Alamofire.framework; path = Carthage/Build/iOS/Alamofire.framework; sourceTree = SOURCE_ROOT; };
		33A0408F218F38D4001E4054 /* AlamofireObjectMapper.framework */ = {isa = PBXFileReference; lastKnownFileType = wrapper.framework; name = AlamofireObjectMapper.framework; path = Carthage/Build/iOS/AlamofireObjectMapper.framework; sourceTree = SOURCE_ROOT; };
		33A04090218F38D4001E4054 /* ObjectMapper.framework */ = {isa = PBXFileReference; lastKnownFileType = wrapper.framework; name = ObjectMapper.framework; path = Carthage/Build/iOS/ObjectMapper.framework; sourceTree = SOURCE_ROOT; };
		33A04095218F3A77001E4054 /* ContainerView.swift */ = {isa = PBXFileReference; fileEncoding = 4; lastKnownFileType = sourcecode.swift; path = ContainerView.swift; sourceTree = "<group>"; };
		33A04097218F3AA7001E4054 /* PlaceholderView.swift */ = {isa = PBXFileReference; fileEncoding = 4; lastKnownFileType = sourcecode.swift; path = PlaceholderView.swift; sourceTree = "<group>"; };
		33A0409A218F3B17001E4054 /* UIViewUtilities.swift */ = {isa = PBXFileReference; fileEncoding = 4; lastKnownFileType = sourcecode.swift; path = UIViewUtilities.swift; sourceTree = "<group>"; };
		33A0409E218F40A8001E4054 /* Loader.swift */ = {isa = PBXFileReference; lastKnownFileType = sourcecode.swift; path = Loader.swift; sourceTree = "<group>"; };
		33A040A0218F40CA001E4054 /* ErrorView.swift */ = {isa = PBXFileReference; lastKnownFileType = sourcecode.swift; path = ErrorView.swift; sourceTree = "<group>"; };
		33A040A2218F491B001E4054 /* NetworkErrorView.xib */ = {isa = PBXFileReference; fileEncoding = 4; lastKnownFileType = file.xib; path = NetworkErrorView.xib; sourceTree = "<group>"; };
		33A040A4218F4924001E4054 /* NetworkErrorView.swift */ = {isa = PBXFileReference; fileEncoding = 4; lastKnownFileType = sourcecode.swift; path = NetworkErrorView.swift; sourceTree = "<group>"; };
		33A040A7218F4B24001E4054 /* Posts.storyboard */ = {isa = PBXFileReference; lastKnownFileType = file.storyboard; path = Posts.storyboard; sourceTree = "<group>"; };
		33A040AA218F4C15001E4054 /* NavigationBar.swift */ = {isa = PBXFileReference; lastKnownFileType = sourcecode.swift; path = NavigationBar.swift; sourceTree = "<group>"; };
		33A040AC218F4C46001E4054 /* BaseViewController.swift */ = {isa = PBXFileReference; lastKnownFileType = sourcecode.swift; path = BaseViewController.swift; sourceTree = "<group>"; };
		33A040AE218F4DEF001E4054 /* PostDescriptionView.xib */ = {isa = PBXFileReference; lastKnownFileType = file.xib; path = PostDescriptionView.xib; sourceTree = "<group>"; };
		33A040B0218F4E12001E4054 /* PostDescriptionView.swift */ = {isa = PBXFileReference; lastKnownFileType = sourcecode.swift; path = PostDescriptionView.swift; sourceTree = "<group>"; };
		33A040B4218F4EF1001E4054 /* UserPostEntity.swift */ = {isa = PBXFileReference; lastKnownFileType = sourcecode.swift; path = UserPostEntity.swift; sourceTree = "<group>"; };
		33A040B6218F4EFF001E4054 /* CommentEntity.swift */ = {isa = PBXFileReference; lastKnownFileType = sourcecode.swift; path = CommentEntity.swift; sourceTree = "<group>"; };
		33A040B8218F5120001E4054 /* TMNavigationBar.xib */ = {isa = PBXFileReference; lastKnownFileType = file.xib; path = TMNavigationBar.xib; sourceTree = "<group>"; };
		33A040BA218F516A001E4054 /* TMNavigationBar.swift */ = {isa = PBXFileReference; lastKnownFileType = sourcecode.swift; path = TMNavigationBar.swift; sourceTree = "<group>"; };
		33A040BC218F5B0E001E4054 /* PostsVC.swift */ = {isa = PBXFileReference; lastKnownFileType = sourcecode.swift; path = PostsVC.swift; sourceTree = "<group>"; };
		33A040BE218F5B39001E4054 /* PostCommentsVC.swift */ = {isa = PBXFileReference; lastKnownFileType = sourcecode.swift; path = PostCommentsVC.swift; sourceTree = "<group>"; };
		33A040C0218F5B79001E4054 /* ViewControllerFactory.swift */ = {isa = PBXFileReference; lastKnownFileType = sourcecode.swift; path = ViewControllerFactory.swift; sourceTree = "<group>"; };
		33A040C3218F617F001E4054 /* PostViewModel.swift */ = {isa = PBXFileReference; lastKnownFileType = sourcecode.swift; path = PostViewModel.swift; sourceTree = "<group>"; };
		33A040C5218F6277001E4054 /* Constants.swift */ = {isa = PBXFileReference; lastKnownFileType = sourcecode.swift; path = Constants.swift; sourceTree = "<group>"; };
		33A040C7218F6B4E001E4054 /* PostCell.swift */ = {isa = PBXFileReference; lastKnownFileType = sourcecode.swift; path = PostCell.swift; sourceTree = "<group>"; };
		33A040CA218F8F56001E4054 /* CommentCell.swift */ = {isa = PBXFileReference; lastKnownFileType = sourcecode.swift; path = CommentCell.swift; sourceTree = "<group>"; };
		33A040CC218F9227001E4054 /* ContentLoader.xib */ = {isa = PBXFileReference; lastKnownFileType = file.xib; path = ContentLoader.xib; sourceTree = "<group>"; };
		33A040CE218F923C001E4054 /* ContentLoader.swift */ = {isa = PBXFileReference; lastKnownFileType = sourcecode.swift; path = ContentLoader.swift; sourceTree = "<group>"; };
		33A040D0218F9788001E4054 /* PaginationLoaderView.swift */ = {isa = PBXFileReference; lastKnownFileType = sourcecode.swift; path = PaginationLoaderView.swift; sourceTree = "<group>"; };
/* End PBXFileReference section */

/* Begin PBXFrameworksBuildPhase section */
		33A0406B218F2D92001E4054 /* Frameworks */ = {
			isa = PBXFrameworksBuildPhase;
			buildActionMask = 2147483647;
			files = (
				33A0408D218F35CA001E4054 /* SDWebImage.framework in Frameworks */,
				33A04091218F38D4001E4054 /* AlamofireObjectMapper.framework in Frameworks */,
				33A04092218F38D4001E4054 /* ObjectMapper.framework in Frameworks */,
				33A0408E218F35CA001E4054 /* Alamofire.framework in Frameworks */,
			);
			runOnlyForDeploymentPostprocessing = 0;
		};
/* End PBXFrameworksBuildPhase section */

/* Begin PBXGroup section */
		33A04065218F2D92001E4054 = {
			isa = PBXGroup;
			children = (
				33A04070218F2D92001E4054 /* Assignment */,
				33A0406F218F2D92001E4054 /* Products */,
			);
			sourceTree = "<group>";
		};
		33A0406F218F2D92001E4054 /* Products */ = {
			isa = PBXGroup;
			children = (
				33A0406E218F2D92001E4054 /* Assignment.app */,
			);
			name = Products;
			sourceTree = "<group>";
		};
		33A04070218F2D92001E4054 /* Assignment */ = {
			isa = PBXGroup;
			children = (
				33A040C0218F5B79001E4054 /* ViewControllerFactory.swift */,
				33A040A6218F4AF9001E4054 /* Posts */,
				33A04099218F3AC7001E4054 /* Utilities */,
				33A04094218F3A44001E4054 /* Custom_Components */,
				33A0408A218F359D001E4054 /* Frameworks */,
				33A04083218F34B5001E4054 /* Network */,
				33A04071218F2D92001E4054 /* AppDelegate.swift */,
				33A04073218F2D92001E4054 /* ViewController.swift */,
				33A04075218F2D92001E4054 /* Main.storyboard */,
				33A04078218F2D94001E4054 /* Assets.xcassets */,
				33A0407A218F2D94001E4054 /* LaunchScreen.storyboard */,
				33A0407D218F2D94001E4054 /* Info.plist */,
				33A040C5218F6277001E4054 /* Constants.swift */,
			);
			path = Assignment;
			sourceTree = "<group>";
		};
		33A04083218F34B5001E4054 /* Network */ = {
			isa = PBXGroup;
			children = (
				33A04085218F34ED001E4054 /* Middleware.swift */,
				33A04084218F34ED001E4054 /* TMMiddleware.swift */,
				33A04086218F34ED001E4054 /* Wrapper.swift */,
			);
			path = Network;
			sourceTree = "<group>";
		};
		33A0408A218F359D001E4054 /* Frameworks */ = {
			isa = PBXGroup;
			children = (
				33A0408F218F38D4001E4054 /* AlamofireObjectMapper.framework */,
				33A04090218F38D4001E4054 /* ObjectMapper.framework */,
				33A0408C218F35CA001E4054 /* Alamofire.framework */,
				33A0408B218F35CA001E4054 /* SDWebImage.framework */,
			);
			path = Frameworks;
			sourceTree = "<group>";
		};
		33A04094218F3A44001E4054 /* Custom_Components */ = {
			isa = PBXGroup;
			children = (
				33A040A9218F4BE8001E4054 /* NavigationBars */,
				33A0409D218F4052001E4054 /* Loaders */,
				33A0409C218F4043001E4054 /* ErrorViews */,
				33A04095218F3A77001E4054 /* ContainerView.swift */,
				33A04097218F3AA7001E4054 /* PlaceholderView.swift */,
				33A040AC218F4C46001E4054 /* BaseViewController.swift */,
			);
			path = Custom_Components;
			sourceTree = "<group>";
		};
		33A04099218F3AC7001E4054 /* Utilities */ = {
			isa = PBXGroup;
			children = (
				33A0409A218F3B17001E4054 /* UIViewUtilities.swift */,
			);
			path = Utilities;
			sourceTree = "<group>";
		};
		33A0409C218F4043001E4054 /* ErrorViews */ = {
			isa = PBXGroup;
			children = (
				33A040A4218F4924001E4054 /* NetworkErrorView.swift */,
				33A040A2218F491B001E4054 /* NetworkErrorView.xib */,
				33A040A0218F40CA001E4054 /* ErrorView.swift */,
			);
			path = ErrorViews;
			sourceTree = "<group>";
		};
		33A0409D218F4052001E4054 /* Loaders */ = {
			isa = PBXGroup;
			children = (
				33A0409E218F40A8001E4054 /* Loader.swift */,
				33A040CC218F9227001E4054 /* ContentLoader.xib */,
				33A040CE218F923C001E4054 /* ContentLoader.swift */,
			);
			path = Loaders;
			sourceTree = "<group>";
		};
		33A040A6218F4AF9001E4054 /* Posts */ = {
			isa = PBXGroup;
			children = (
				33A040C2218F6132001E4054 /* ViewModels */,
				33A040B3218F4ECA001E4054 /* Models */,
				33A040B2218F4EBC001E4054 /* Views */,
				33A040A7218F4B24001E4054 /* Posts.storyboard */,
				33A040BC218F5B0E001E4054 /* PostsVC.swift */,
				33A040BE218F5B39001E4054 /* PostCommentsVC.swift */,
			);
			path = Posts;
			sourceTree = "<group>";
		};
		33A040A9218F4BE8001E4054 /* NavigationBars */ = {
			isa = PBXGroup;
			children = (
				33A040AA218F4C15001E4054 /* NavigationBar.swift */,
				33A040B8218F5120001E4054 /* TMNavigationBar.xib */,
				33A040BA218F516A001E4054 /* TMNavigationBar.swift */,
			);
			path = NavigationBars;
			sourceTree = "<group>";
		};
		33A040B2218F4EBC001E4054 /* Views */ = {
			isa = PBXGroup;
			children = (
				33A040AE218F4DEF001E4054 /* PostDescriptionView.xib */,
				33A040B0218F4E12001E4054 /* PostDescriptionView.swift */,
				33A040C7218F6B4E001E4054 /* PostCell.swift */,
				33A040CA218F8F56001E4054 /* CommentCell.swift */,
				33A040D0218F9788001E4054 /* PaginationLoaderView.swift */,
			);
			path = Views;
			sourceTree = "<group>";
		};
		33A040B3218F4ECA001E4054 /* Models */ = {
			isa = PBXGroup;
			children = (
				33A040B4218F4EF1001E4054 /* UserPostEntity.swift */,
				33A040B6218F4EFF001E4054 /* CommentEntity.swift */,
			);
			path = Models;
			sourceTree = "<group>";
		};
		33A040C2218F6132001E4054 /* ViewModels */ = {
			isa = PBXGroup;
			children = (
				33A040C3218F617F001E4054 /* PostViewModel.swift */,
			);
			path = ViewModels;
			sourceTree = "<group>";
		};
/* End PBXGroup section */

/* Begin PBXNativeTarget section */
		33A0406D218F2D92001E4054 /* Assignment */ = {
			isa = PBXNativeTarget;
			buildConfigurationList = 33A04080218F2D94001E4054 /* Build configuration list for PBXNativeTarget "Assignment" */;
			buildPhases = (
				33A0406A218F2D92001E4054 /* Sources */,
				33A0406B218F2D92001E4054 /* Frameworks */,
				33A0406C218F2D92001E4054 /* Resources */,
				33A04093218F390F001E4054 /* ShellScript */,
			);
			buildRules = (
			);
			dependencies = (
			);
			name = Assignment;
			productName = Assignment;
			productReference = 33A0406E218F2D92001E4054 /* Assignment.app */;
			productType = "com.apple.product-type.application";
		};
/* End PBXNativeTarget section */

/* Begin PBXProject section */
		33A04066218F2D92001E4054 /* Project object */ = {
			isa = PBXProject;
			attributes = {
				LastSwiftUpdateCheck = 1000;
				LastUpgradeCheck = 1000;
				ORGANIZATIONNAME = Independent;
				TargetAttributes = {
					33A0406D218F2D92001E4054 = {
						CreatedOnToolsVersion = 10.0;
					};
				};
			};
			buildConfigurationList = 33A04069218F2D92001E4054 /* Build configuration list for PBXProject "Assignment" */;
			compatibilityVersion = "Xcode 9.3";
			developmentRegion = en;
			hasScannedForEncodings = 0;
			knownRegions = (
				en,
				Base,
			);
			mainGroup = 33A04065218F2D92001E4054;
			productRefGroup = 33A0406F218F2D92001E4054 /* Products */;
			projectDirPath = "";
			projectRoot = "";
			targets = (
				33A0406D218F2D92001E4054 /* Assignment */,
			);
		};
/* End PBXProject section */

/* Begin PBXResourcesBuildPhase section */
		33A0406C218F2D92001E4054 /* Resources */ = {
			isa = PBXResourcesBuildPhase;
			buildActionMask = 2147483647;
			files = (
				33A040A3218F491B001E4054 /* NetworkErrorView.xib in Resources */,
				33A040C9218F779A001E4054 /* TMNavigationBar.xib in Resources */,
				33A040A8218F4B24001E4054 /* Posts.storyboard in Resources */,
				33A0407C218F2D94001E4054 /* LaunchScreen.storyboard in Resources */,
				33A040CD218F9227001E4054 /* ContentLoader.xib in Resources */,
				33A040AF218F4DEF001E4054 /* PostDescriptionView.xib in Resources */,
				33A04079218F2D94001E4054 /* Assets.xcassets in Resources */,
				33A04077218F2D92001E4054 /* Main.storyboard in Resources */,
			);
			runOnlyForDeploymentPostprocessing = 0;
		};
/* End PBXResourcesBuildPhase section */

/* Begin PBXShellScriptBuildPhase section */
		33A04093218F390F001E4054 /* ShellScript */ = {
			isa = PBXShellScriptBuildPhase;
			buildActionMask = 2147483647;
			files = (
			);
			inputFileListPaths = (
			);
			inputPaths = (
				"$(SRCROOT)/Carthage/Build/iOS/Alamofire.framework",
				"$(SRCROOT)/Carthage/Build/iOS/ObjectMapper.framework",
				"$(SRCROOT)/Carthage/Build/iOS/AlamofireObjectMapper.framework",
				"$(SRCROOT)/Carthage/Build/iOS/SDWebImage.framework",
			);
			outputFileListPaths = (
			);
			outputPaths = (
			);
			runOnlyForDeploymentPostprocessing = 0;
			shellPath = /bin/sh;
			shellScript = "/usr/local/bin/carthage copy-frameworks\n";
		};
/* End PBXShellScriptBuildPhase section */

/* Begin PBXSourcesBuildPhase section */
		33A0406A218F2D92001E4054 /* Sources */ = {
			isa = PBXSourcesBuildPhase;
			buildActionMask = 2147483647;
			files = (
				33A040AD218F4C46001E4054 /* BaseViewController.swift in Sources */,
				33A040C6218F6277001E4054 /* Constants.swift in Sources */,
				33A040C1218F5B79001E4054 /* ViewControllerFactory.swift in Sources */,
				33A040D1218F9788001E4054 /* PaginationLoaderView.swift in Sources */,
				33A040B1218F4E12001E4054 /* PostDescriptionView.swift in Sources */,
				33A040BD218F5B0E001E4054 /* PostsVC.swift in Sources */,
				33A040BB218F516A001E4054 /* TMNavigationBar.swift in Sources */,
				33A040A5218F4924001E4054 /* NetworkErrorView.swift in Sources */,
				33A04074218F2D92001E4054 /* ViewController.swift in Sources */,
				33A04089218F34EE001E4054 /* Wrapper.swift in Sources */,
				33A04096218F3A77001E4054 /* ContainerView.swift in Sources */,
				33A04088218F34EE001E4054 /* Middleware.swift in Sources */,
				33A04087218F34EE001E4054 /* TMMiddleware.swift in Sources */,
				33A040B5218F4EF1001E4054 /* UserPostEntity.swift in Sources */,
				33A040A1218F40CA001E4054 /* ErrorView.swift in Sources */,
				33A0409B218F3B17001E4054 /* UIViewUtilities.swift in Sources */,
				33A04098218F3AA7001E4054 /* PlaceholderView.swift in Sources */,
				33A040C4218F617F001E4054 /* PostViewModel.swift in Sources */,
				33A04072218F2D92001E4054 /* AppDelegate.swift in Sources */,
				33A0409F218F40A8001E4054 /* Loader.swift in Sources */,
				33A040B7218F4F00001E4054 /* CommentEntity.swift in Sources */,
				33A040AB218F4C15001E4054 /* NavigationBar.swift in Sources */,
				33A040CF218F923C001E4054 /* ContentLoader.swift in Sources */,
				33A040C8218F6B4E001E4054 /* PostCell.swift in Sources */,
				33A040BF218F5B39001E4054 /* PostCommentsVC.swift in Sources */,
				33A040CB218F8F56001E4054 /* CommentCell.swift in Sources */,
			);
			runOnlyForDeploymentPostprocessing = 0;
		};
/* End PBXSourcesBuildPhase section */

/* Begin PBXVariantGroup section */
		33A04075218F2D92001E4054 /* Main.storyboard */ = {
			isa = PBXVariantGroup;
			children = (
				33A04076218F2D92001E4054 /* Base */,
			);
			name = Main.storyboard;
			sourceTree = "<group>";
		};
		33A0407A218F2D94001E4054 /* LaunchScreen.storyboard */ = {
			isa = PBXVariantGroup;
			children = (
				33A0407B218F2D94001E4054 /* Base */,
			);
			name = LaunchScreen.storyboard;
			sourceTree = "<group>";
		};
/* End PBXVariantGroup section */

/* Begin XCBuildConfiguration section */
		33A0407E218F2D94001E4054 /* Debug */ = {
			isa = XCBuildConfiguration;
			buildSettings = {
				ALWAYS_SEARCH_USER_PATHS = NO;
				CLANG_ANALYZER_NONNULL = YES;
				CLANG_ANALYZER_NUMBER_OBJECT_CONVERSION = YES_AGGRESSIVE;
				CLANG_CXX_LANGUAGE_STANDARD = "gnu++14";
				CLANG_CXX_LIBRARY = "libc++";
				CLANG_ENABLE_MODULES = YES;
				CLANG_ENABLE_OBJC_ARC = YES;
				CLANG_ENABLE_OBJC_WEAK = YES;
				CLANG_WARN_BLOCK_CAPTURE_AUTORELEASING = YES;
				CLANG_WARN_BOOL_CONVERSION = YES;
				CLANG_WARN_COMMA = YES;
				CLANG_WARN_CONSTANT_CONVERSION = YES;
				CLANG_WARN_DEPRECATED_OBJC_IMPLEMENTATIONS = YES;
				CLANG_WARN_DIRECT_OBJC_ISA_USAGE = YES_ERROR;
				CLANG_WARN_DOCUMENTATION_COMMENTS = YES;
				CLANG_WARN_EMPTY_BODY = YES;
				CLANG_WARN_ENUM_CONVERSION = YES;
				CLANG_WARN_INFINITE_RECURSION = YES;
				CLANG_WARN_INT_CONVERSION = YES;
				CLANG_WARN_NON_LITERAL_NULL_CONVERSION = YES;
				CLANG_WARN_OBJC_IMPLICIT_RETAIN_SELF = YES;
				CLANG_WARN_OBJC_LITERAL_CONVERSION = YES;
				CLANG_WARN_OBJC_ROOT_CLASS = YES_ERROR;
				CLANG_WARN_RANGE_LOOP_ANALYSIS = YES;
				CLANG_WARN_STRICT_PROTOTYPES = YES;
				CLANG_WARN_SUSPICIOUS_MOVE = YES;
				CLANG_WARN_UNGUARDED_AVAILABILITY = YES_AGGRESSIVE;
				CLANG_WARN_UNREACHABLE_CODE = YES;
				CLANG_WARN__DUPLICATE_METHOD_MATCH = YES;
				CODE_SIGN_IDENTITY = "iPhone Developer";
				COPY_PHASE_STRIP = NO;
				DEBUG_INFORMATION_FORMAT = dwarf;
				ENABLE_STRICT_OBJC_MSGSEND = YES;
				ENABLE_TESTABILITY = YES;
				GCC_C_LANGUAGE_STANDARD = gnu11;
				GCC_DYNAMIC_NO_PIC = NO;
				GCC_NO_COMMON_BLOCKS = YES;
				GCC_OPTIMIZATION_LEVEL = 0;
				GCC_PREPROCESSOR_DEFINITIONS = (
					"DEBUG=1",
					"$(inherited)",
				);
				GCC_WARN_64_TO_32_BIT_CONVERSION = YES;
				GCC_WARN_ABOUT_RETURN_TYPE = YES_ERROR;
				GCC_WARN_UNDECLARED_SELECTOR = YES;
				GCC_WARN_UNINITIALIZED_AUTOS = YES_AGGRESSIVE;
				GCC_WARN_UNUSED_FUNCTION = YES;
				GCC_WARN_UNUSED_VARIABLE = YES;
				IPHONEOS_DEPLOYMENT_TARGET = 12.0;
				MTL_ENABLE_DEBUG_INFO = INCLUDE_SOURCE;
				MTL_FAST_MATH = YES;
				ONLY_ACTIVE_ARCH = YES;
				SDKROOT = iphoneos;
				SWIFT_ACTIVE_COMPILATION_CONDITIONS = DEBUG;
				SWIFT_OPTIMIZATION_LEVEL = "-Onone";
			};
			name = Debug;
		};
		33A0407F218F2D94001E4054 /* Release */ = {
			isa = XCBuildConfiguration;
			buildSettings = {
				ALWAYS_SEARCH_USER_PATHS = NO;
				CLANG_ANALYZER_NONNULL = YES;
				CLANG_ANALYZER_NUMBER_OBJECT_CONVERSION = YES_AGGRESSIVE;
				CLANG_CXX_LANGUAGE_STANDARD = "gnu++14";
				CLANG_CXX_LIBRARY = "libc++";
				CLANG_ENABLE_MODULES = YES;
				CLANG_ENABLE_OBJC_ARC = YES;
				CLANG_ENABLE_OBJC_WEAK = YES;
				CLANG_WARN_BLOCK_CAPTURE_AUTORELEASING = YES;
				CLANG_WARN_BOOL_CONVERSION = YES;
				CLANG_WARN_COMMA = YES;
				CLANG_WARN_CONSTANT_CONVERSION = YES;
				CLANG_WARN_DEPRECATED_OBJC_IMPLEMENTATIONS = YES;
				CLANG_WARN_DIRECT_OBJC_ISA_USAGE = YES_ERROR;
				CLANG_WARN_DOCUMENTATION_COMMENTS = YES;
				CLANG_WARN_EMPTY_BODY = YES;
				CLANG_WARN_ENUM_CONVERSION = YES;
				CLANG_WARN_INFINITE_RECURSION = YES;
				CLANG_WARN_INT_CONVERSION = YES;
				CLANG_WARN_NON_LITERAL_NULL_CONVERSION = YES;
				CLANG_WARN_OBJC_IMPLICIT_RETAIN_SELF = YES;
				CLANG_WARN_OBJC_LITERAL_CONVERSION = YES;
				CLANG_WARN_OBJC_ROOT_CLASS = YES_ERROR;
				CLANG_WARN_RANGE_LOOP_ANALYSIS = YES;
				CLANG_WARN_STRICT_PROTOTYPES = YES;
				CLANG_WARN_SUSPICIOUS_MOVE = YES;
				CLANG_WARN_UNGUARDED_AVAILABILITY = YES_AGGRESSIVE;
				CLANG_WARN_UNREACHABLE_CODE = YES;
				CLANG_WARN__DUPLICATE_METHOD_MATCH = YES;
				CODE_SIGN_IDENTITY = "iPhone Developer";
				COPY_PHASE_STRIP = NO;
				DEBUG_INFORMATION_FORMAT = "dwarf-with-dsym";
				ENABLE_NS_ASSERTIONS = NO;
				ENABLE_STRICT_OBJC_MSGSEND = YES;
				GCC_C_LANGUAGE_STANDARD = gnu11;
				GCC_NO_COMMON_BLOCKS = YES;
				GCC_WARN_64_TO_32_BIT_CONVERSION = YES;
				GCC_WARN_ABOUT_RETURN_TYPE = YES_ERROR;
				GCC_WARN_UNDECLARED_SELECTOR = YES;
				GCC_WARN_UNINITIALIZED_AUTOS = YES_AGGRESSIVE;
				GCC_WARN_UNUSED_FUNCTION = YES;
				GCC_WARN_UNUSED_VARIABLE = YES;
				IPHONEOS_DEPLOYMENT_TARGET = 12.0;
				MTL_ENABLE_DEBUG_INFO = NO;
				MTL_FAST_MATH = YES;
				SDKROOT = iphoneos;
				SWIFT_COMPILATION_MODE = wholemodule;
				SWIFT_OPTIMIZATION_LEVEL = "-O";
				VALIDATE_PRODUCT = YES;
			};
			name = Release;
		};
		33A04081218F2D94001E4054 /* Debug */ = {
			isa = XCBuildConfiguration;
			buildSettings = {
				ASSETCATALOG_COMPILER_APPICON_NAME = AppIcon;
				CODE_SIGN_STYLE = Manual;
				DEVELOPMENT_TEAM = "";
				FRAMEWORK_SEARCH_PATHS = (
					"$(inherited)",
					"$(PROJECT_DIR)/Carthage/Build/iOS",
				);
				INFOPLIST_FILE = Assignment/Info.plist;
				LD_RUNPATH_SEARCH_PATHS = (
					"$(inherited)",
					"@executable_path/Frameworks",
				);
				PRODUCT_BUNDLE_IDENTIFIER = com.debo.Assignment;
				PRODUCT_NAME = "$(TARGET_NAME)";
				PROVISIONING_PROFILE_SPECIFIER = "";
				SWIFT_VERSION = 4.2;
				TARGETED_DEVICE_FAMILY = "1,2";
			};
			name = Debug;
		};
		33A04082218F2D94001E4054 /* Release */ = {
			isa = XCBuildConfiguration;
			buildSettings = {
				ASSETCATALOG_COMPILER_APPICON_NAME = AppIcon;
				CODE_SIGN_STYLE = Manual;
				DEVELOPMENT_TEAM = "";
				FRAMEWORK_SEARCH_PATHS = (
					"$(inherited)",
					"$(PROJECT_DIR)/Carthage/Build/iOS",
				);
				INFOPLIST_FILE = Assignment/Info.plist;
				LD_RUNPATH_SEARCH_PATHS = (
					"$(inherited)",
					"@executable_path/Frameworks",
				);
				PRODUCT_BUNDLE_IDENTIFIER = com.debo.Assignment;
				PRODUCT_NAME = "$(TARGET_NAME)";
				PROVISIONING_PROFILE_SPECIFIER = "";
				SWIFT_VERSION = 4.2;
				TARGETED_DEVICE_FAMILY = "1,2";
			};
			name = Release;
		};
/* End XCBuildConfiguration section */

/* Begin XCConfigurationList section */
		33A04069218F2D92001E4054 /* Build configuration list for PBXProject "Assignment" */ = {
			isa = XCConfigurationList;
			buildConfigurations = (
				33A0407E218F2D94001E4054 /* Debug */,
				33A0407F218F2D94001E4054 /* Release */,
			);
			defaultConfigurationIsVisible = 0;
			defaultConfigurationName = Release;
		};
		33A04080218F2D94001E4054 /* Build configuration list for PBXNativeTarget "Assignment" */ = {
			isa = XCConfigurationList;
			buildConfigurations = (
				33A04081218F2D94001E4054 /* Debug */,
				33A04082218F2D94001E4054 /* Release */,
			);
			defaultConfigurationIsVisible = 0;
			defaultConfigurationName = Release;
		};
/* End XCConfigurationList section */
	};
	rootObject = 33A04066218F2D92001E4054 /* Project object */;
}
